
Microsoft Visual Studio Solution File, Format Version 12.00
# Visual Studio Version 16
VisualStudioVersion = 16.0.30621.155
MinimumVisualStudioVersion = 10.0.40219.1
Project("{FAE04EC0-301F-11D3-BF4B-00C04F79EFBC}") = "СмарТимСервисСайт", "СмарТимСервисСайт.csproj", "{5A8BA07E-6CEC-4D63-8F3B-A28D3487F34E}"
EndProject
Global
	GlobalSection(SolutionConfigurationPlatforms) = preSolution
		Debug|Any CPU = Debug|Any CPU
		Release|Any CPU = Release|Any CPU
	EndGlobalSection
	GlobalSection(ProjectConfigurationPlatforms) = postSolution
		{5A8BA07E-6CEC-4D63-8F3B-A28D3487F34E}.Debug|Any CPU.ActiveCfg = Debug|Any CPU
		{5A8BA07E-6CEC-4D63-8F3B-A28D3487F34E}.Debug|Any CPU.Build.0 = Debug|Any CPU
		{5A8BA07E-6CEC-4D63-8F3B-A28D3487F34E}.Release|Any CPU.ActiveCfg = Release|Any CPU
		{5A8BA07E-6CEC-4D63-8F3B-A28D3487F34E}.Release|Any CPU.Build.0 = Release|Any CPU
	EndGlobalSection
	GlobalSection(SolutionProperties) = preSolution
		HideSolutionNode = FALSE
	EndGlobalSection
	GlobalSection(ExtensibilityGlobals) = postSolution
		SolutionGuid = {B02C091E-1A19-4724-A242-AD6E060D78EA}
	EndGlobalSection
EndGlobal
